// !$*UTF8*$!
{
	archiveVersion = 1;
	classes = {
	};
	objectVersion = 46;
	objects = {

/* Begin PBXBuildFile section */
		B5DCAD471A5FADFE0078C3C8 /* main.m in Sources */ = {isa = PBXBuildFile; fileRef = B5DCAD461A5FADFE0078C3C8 /* main.m */; };
		B5DCAD4A1A5FADFE0078C3C8 /* AppDelegate.m in Sources */ = {isa = PBXBuildFile; fileRef = B5DCAD491A5FADFE0078C3C8 /* AppDelegate.m */; };
		B5DCAD4D1A5FADFE0078C3C8 /* ViewController.m in Sources */ = {isa = PBXBuildFile; fileRef = B5DCAD4C1A5FADFE0078C3C8 /* ViewController.m */; };
		B5DCAD501A5FADFE0078C3C8 /* Main.storyboard in Resources */ = {isa = PBXBuildFile; fileRef = B5DCAD4E1A5FADFE0078C3C8 /* Main.storyboard */; };
		B5DCAD521A5FADFE0078C3C8 /* Images.xcassets in Resources */ = {isa = PBXBuildFile; fileRef = B5DCAD511A5FADFE0078C3C8 /* Images.xcassets */; };
		B5DCAD551A5FADFE0078C3C8 /* LaunchScreen.xib in Resources */ = {isa = PBXBuildFile; fileRef = B5DCAD531A5FADFE0078C3C8 /* LaunchScreen.xib */; };
		B5DCAD611A5FADFE0078C3C8 /* TAOverlayTests.m in Sources */ = {isa = PBXBuildFile; fileRef = B5DCAD601A5FADFE0078C3C8 /* TAOverlayTests.m */; };
/* End PBXBuildFile section */

/* Begin PBXContainerItemProxy section */
		B5DCAD5B1A5FADFE0078C3C8 /* PBXContainerItemProxy */ = {
			isa = PBXContainerItemProxy;
			containerPortal = B5DCAD391A5FADFE0078C3C8 /* Project object */;
			proxyType = 1;
			remoteGlobalIDString = B5DCAD401A5FADFE0078C3C8;
			remoteInfo = TAOverlay;
		};
/* End PBXContainerItemProxy section */

/* Begin PBXFileReference section */
		B5DCAD411A5FADFE0078C3C8 /* TAOverlay.app */ = {isa = PBXFileReference; explicitFileType = wrapper.application; includeInIndex = 0; path = TAOverlay.app; sourceTree = BUILT_PRODUCTS_DIR; };
		B5DCAD451A5FADFE0078C3C8 /* Info.plist */ = {isa = PBXFileReference; lastKnownFileType = text.plist.xml; path = Info.plist; sourceTree = "<group>"; };
		B5DCAD461A5FADFE0078C3C8 /* main.m */ = {isa = PBXFileReference; lastKnownFileType = sourcecode.c.objc; path = main.m; sourceTree = "<group>"; };
		B5DCAD481A5FADFE0078C3C8 /* AppDelegate.h */ = {isa = PBXFileReference; lastKnownFileType = sourcecode.c.h; path = AppDelegate.h; sourceTree = "<group>"; };
		B5DCAD491A5FADFE0078C3C8 /* AppDelegate.m */ = {isa = PBXFileReference; lastKnownFileType = sourcecode.c.objc; path = AppDelegate.m; sourceTree = "<group>"; };
		B5DCAD4B1A5FADFE0078C3C8 /* ViewController.h */ = {isa = PBXFileReference; lastKnownFileType = sourcecode.c.h; path = ViewController.h; sourceTree = "<group>"; };
		B5DCAD4C1A5FADFE0078C3C8 /* ViewController.m */ = {isa = PBXFileReference; lastKnownFileType = sourcecode.c.objc; path = ViewController.m; sourceTree = "<group>"; };
		B5DCAD4F1A5FADFE0078C3C8 /* Base */ = {isa = PBXFileReference; lastKnownFileType = file.storyboard; name = Base; path = Base.lproj/Main.storyboard; sourceTree = "<group>"; };
		B5DCAD511A5FADFE0078C3C8 /* Images.xcassets */ = {isa = PBXFileReference; lastKnownFileType = folder.assetcatalog; path = Images.xcassets; sourceTree = "<group>"; };
		B5DCAD541A5FADFE0078C3C8 /* Base */ = {isa = PBXFileReference; lastKnownFileType = file.xib; name = Base; path = Base.lproj/LaunchScreen.xib; sourceTree = "<group>"; };
		B5DCAD5A1A5FADFE0078C3C8 /* TAOverlayTests.xctest */ = {isa = PBXFileReference; explicitFileType = wrapper.cfbundle; includeInIndex = 0; path = TAOverlayTests.xctest; sourceTree = BUILT_PRODUCTS_DIR; };
		B5DCAD5F1A5FADFE0078C3C8 /* Info.plist */ = {isa = PBXFileReference; lastKnownFileType = text.plist.xml; path = Info.plist; sourceTree = "<group>"; };
		B5DCAD601A5FADFE0078C3C8 /* TAOverlayTests.m */ = {isa = PBXFileReference; lastKnownFileType = sourcecode.c.objc; path = TAOverlayTests.m; sourceTree = "<group>"; };
/* End PBXFileReference section */

/* Begin PBXFrameworksBuildPhase section */
		B5DCAD3E1A5FADFE0078C3C8 /* Frameworks */ = {
			isa = PBXFrameworksBuildPhase;
			buildActionMask = 2147483647;
			files = (
			);
			runOnlyForDeploymentPostprocessing = 0;
		};
		B5DCAD571A5FADFE0078C3C8 /* Frameworks */ = {
			isa = PBXFrameworksBuildPhase;
			buildActionMask = 2147483647;
			files = (
			);
			runOnlyForDeploymentPostprocessing = 0;
		};
/* End PBXFrameworksBuildPhase section */

/* Begin PBXGroup section */
		B5DCAD381A5FADFE0078C3C8 = {
			isa = PBXGroup;
			children = (
				B5DCAD431A5FADFE0078C3C8 /* TAOverlay */,
				B5DCAD5D1A5FADFE0078C3C8 /* TAOverlayTests */,
				B5DCAD421A5FADFE0078C3C8 /* Products */,
			);
			sourceTree = "<group>";
		};
		B5DCAD421A5FADFE0078C3C8 /* Products */ = {
			isa = PBXGroup;
			children = (
				B5DCAD411A5FADFE0078C3C8 /* TAOverlay.app */,
				B5DCAD5A1A5FADFE0078C3C8 /* TAOverlayTests.xctest */,
			);
			name = Products;
			sourceTree = "<group>";
		};
		B5DCAD431A5FADFE0078C3C8 /* TAOverlay */ = {
			isa = PBXGroup;
			children = (
				B5DCAD481A5FADFE0078C3C8 /* AppDelegate.h */,
				B5DCAD491A5FADFE0078C3C8 /* AppDelegate.m */,
				B5DCAD4B1A5FADFE0078C3C8 /* ViewController.h */,
				B5DCAD4C1A5FADFE0078C3C8 /* ViewController.m */,
				B5DCAD4E1A5FADFE0078C3C8 /* Main.storyboard */,
				B5DCAD511A5FADFE0078C3C8 /* Images.xcassets */,
				B5DCAD531A5FADFE0078C3C8 /* LaunchScreen.xib */,
				B5DCAD441A5FADFE0078C3C8 /* Supporting Files */,
			);
			path = TAOverlay;
			sourceTree = "<group>";
		};
		B5DCAD441A5FADFE0078C3C8 /* Supporting Files */ = {
			isa = PBXGroup;
			children = (
				B5DCAD451A5FADFE0078C3C8 /* Info.plist */,
				B5DCAD461A5FADFE0078C3C8 /* main.m */,
			);
			name = "Supporting Files";
			sourceTree = "<group>";
		};
		B5DCAD5D1A5FADFE0078C3C8 /* TAOverlayTests */ = {
			isa = PBXGroup;
			children = (
				B5DCAD601A5FADFE0078C3C8 /* TAOverlayTests.m */,
				B5DCAD5E1A5FADFE0078C3C8 /* Supporting Files */,
			);
			path = TAOverlayTests;
			sourceTree = "<group>";
		};
		B5DCAD5E1A5FADFE0078C3C8 /* Supporting Files */ = {
			isa = PBXGroup;
			children = (
				B5DCAD5F1A5FADFE0078C3C8 /* Info.plist */,
			);
			name = "Supporting Files";
			sourceTree = "<group>";
		};
/* End PBXGroup section */

/* Begin PBXNativeTarget section */
		B5DCAD401A5FADFE0078C3C8 /* TAOverlay */ = {
			isa = PBXNativeTarget;
			buildConfigurationList = B5DCAD641A5FADFE0078C3C8 /* Build configuration list for PBXNativeTarget "TAOverlay" */;
			buildPhases = (
				B5DCAD3D1A5FADFE0078C3C8 /* Sources */,
				B5DCAD3E1A5FADFE0078C3C8 /* Frameworks */,
				B5DCAD3F1A5FADFE0078C3C8 /* Resources */,
			);
			buildRules = (
			);
			dependencies = (
			);
			name = TAOverlay;
			productName = TAOverlay;
			productReference = B5DCAD411A5FADFE0078C3C8 /* TAOverlay.app */;
			productType = "com.apple.product-type.application";
		};
		B5DCAD591A5FADFE0078C3C8 /* TAOverlayTests */ = {
			isa = PBXNativeTarget;
			buildConfigurationList = B5DCAD671A5FADFE0078C3C8 /* Build configuration list for PBXNativeTarget "TAOverlayTests" */;
			buildPhases = (
				B5DCAD561A5FADFE0078C3C8 /* Sources */,
				B5DCAD571A5FADFE0078C3C8 /* Frameworks */,
				B5DCAD581A5FADFE0078C3C8 /* Resources */,
			);
			buildRules = (
			);
			dependencies = (
				B5DCAD5C1A5FADFE0078C3C8 /* PBXTargetDependency */,
			);
			name = TAOverlayTests;
			productName = TAOverlayTests;
			productReference = B5DCAD5A1A5FADFE0078C3C8 /* TAOverlayTests.xctest */;
			productType = "com.apple.product-type.bundle.unit-test";
		};
/* End PBXNativeTarget section */

/* Begin PBXProject section */
		B5DCAD391A5FADFE0078C3C8 /* Project object */ = {
			isa = PBXProject;
			attributes = {
				LastUpgradeCheck = 0610;
				ORGANIZATIONNAME = "Taimur Ayaz";
				TargetAttributes = {
					B5DCAD401A5FADFE0078C3C8 = {
						CreatedOnToolsVersion = 6.1.1;
					};
					B5DCAD591A5FADFE0078C3C8 = {
						CreatedOnToolsVersion = 6.1.1;
						TestTargetID = B5DCAD401A5FADFE0078C3C8;
					};
				};
			};
			buildConfigurationList = B5DCAD3C1A5FADFE0078C3C8 /* Build configuration list for PBXProject "TAOverlay" */;
			compatibilityVersion = "Xcode 3.2";
			developmentRegion = English;
			hasScannedForEncodings = 0;
			knownRegions = (
				en,
				Base,
			);
			mainGroup = B5DCAD381A5FADFE0078C3C8;
			productRefGroup = B5DCAD421A5FADFE0078C3C8 /* Products */;
			projectDirPath = "";
			projectRoot = "";
			targets = (
				B5DCAD401A5FADFE0078C3C8 /* TAOverlay */,
				B5DCAD591A5FADFE0078C3C8 /* TAOverlayTests */,
			);
		};
/* End PBXProject section */

/* Begin PBXResourcesBuildPhase section */
		B5DCAD3F1A5FADFE0078C3C8 /* Resources */ = {
			isa = PBXResourcesBuildPhase;
			buildActionMask = 2147483647;
			files = (
				B5DCAD501A5FADFE0078C3C8 /* Main.storyboard in Resources */,
				B5DCAD551A5FADFE0078C3C8 /* LaunchScreen.xib in Resources */,
				B5DCAD521A5FADFE0078C3C8 /* Images.xcassets in Resources */,
			);
			runOnlyForDeploymentPostprocessing = 0;
		};
		B5DCAD581A5FADFE0078C3C8 /* Resources */ = {
			isa = PBXResourcesBuildPhase;
			buildActionMask = 2147483647;
			files = (
			);
			runOnlyForDeploymentPostprocessing = 0;
		};
/* End PBXResourcesBuildPhase section */

/* Begin PBXSourcesBuildPhase section */
		B5DCAD3D1A5FADFE0078C3C8 /* Sources */ = {
			isa = PBXSourcesBuildPhase;
			buildActionMask = 2147483647;
			files = (
				B5DCAD4D1A5FADFE0078C3C8 /* ViewController.m in Sources */,
				B5DCAD4A1A5FADFE0078C3C8 /* AppDelegate.m in Sources */,
				B5DCAD471A5FADFE0078C3C8 /* main.m in Sources */,
			);
			runOnlyForDeploymentPostprocessing = 0;
		};
		B5DCAD561A5FADFE0078C3C8 /* Sources */ = {
			isa = PBXSourcesBuildPhase;
			buildActionMask = 2147483647;
			files = (
				B5DCAD611A5FADFE0078C3C8 /* TAOverlayTests.m in Sources */,
			);
			runOnlyForDeploymentPostprocessing = 0;
		};
/* End PBXSourcesBuildPhase section */

/* Begin PBXTargetDependency section */
		B5DCAD5C1A5FADFE0078C3C8 /* PBXTargetDependency */ = {
			isa = PBXTargetDependency;
			target = B5DCAD401A5FADFE0078C3C8 /* TAOverlay */;
			targetProxy = B5DCAD5B1A5FADFE0078C3C8 /* PBXContainerItemProxy */;
		};
/* End PBXTargetDependency section */

/* Begin PBXVariantGroup section */
		B5DCAD4E1A5FADFE0078C3C8 /* Main.storyboard */ = {
			isa = PBXVariantGroup;
			children = (
				B5DCAD4F1A5FADFE0078C3C8 /* Base */,
			);
			name = Main.storyboard;
			sourceTree = "<group>";
		};
		B5DCAD531A5FADFE0078C3C8 /* LaunchScreen.xib */ = {
			isa = PBXVariantGroup;
			children = (
				B5DCAD541A5FADFE0078C3C8 /* Base */,
			);
			name = LaunchScreen.xib;
			sourceTree = "<group>";
		};
/* End PBXVariantGroup section */

/* Begin XCBuildConfiguration section */
		B5DCAD621A5FADFE0078C3C8 /* Debug */ = {
			isa = XCBuildConfiguration;
			buildSettings = {
				ALWAYS_SEARCH_USER_PATHS = NO;
				CLANG_CXX_LANGUAGE_STANDARD = "gnu++0x";
				CLANG_CXX_LIBRARY = "libc++";
				CLANG_ENABLE_MODULES = YES;
				CLANG_ENABLE_OBJC_ARC = YES;
				CLANG_WARN_BOOL_CONVERSION = YES;
				CLANG_WARN_CONSTANT_CONVERSION = YES;
				CLANG_WARN_DIRECT_OBJC_ISA_USAGE = YES_ERROR;
				CLANG_WARN_EMPTY_BODY = YES;
				CLANG_WARN_ENUM_CONVERSION = YES;
				CLANG_WARN_INT_CONVERSION = YES;
				CLANG_WARN_OBJC_ROOT_CLASS = YES_ERROR;
				CLANG_WARN_UNREACHABLE_CODE = YES;
				CLANG_WARN__DUPLICATE_METHOD_MATCH = YES;
				"CODE_SIGN_IDENTITY[sdk=iphoneos*]" = "iPhone Developer";
				COPY_PHASE_STRIP = NO;
				ENABLE_STRICT_OBJC_MSGSEND = YES;
				GCC_C_LANGUAGE_STANDARD = gnu99;
				GCC_DYNAMIC_NO_PIC = NO;
				GCC_OPTIMIZATION_LEVEL = 0;
				GCC_PREPROCESSOR_DEFINITIONS = (
					"DEBUG=1",
					"$(inherited)",
				);
				GCC_SYMBOLS_PRIVATE_EXTERN = NO;
				GCC_WARN_64_TO_32_BIT_CONVERSION = YES;
				GCC_WARN_ABOUT_RETURN_TYPE = YES_ERROR;
				GCC_WARN_UNDECLARED_SELECTOR = YES;
				GCC_WARN_UNINITIALIZED_AUTOS = YES_AGGRESSIVE;
				GCC_WARN_UNUSED_FUNCTION = YES;
				GCC_WARN_UNUSED_VARIABLE = YES;
				IPHONEOS_DEPLOYMENT_TARGET = 8.1;
				MTL_ENABLE_DEBUG_INFO = YES;
				ONLY_ACTIVE_ARCH = YES;
				SDKROOT = iphoneos;
				TARGETED_DEVICE_FAMILY = "1,2";
			};
			name = Debug;
		};
		B5DCAD631A5FADFE0078C3C8 /* Release */ = {
			isa = XCBuildConfiguration;
			buildSettings = {
				ALWAYS_SEARCH_USER_PATHS = NO;
				CLANG_CXX_LANGUAGE_STANDARD = "gnu++0x";
				CLANG_CXX_LIBRARY = "libc++";
				CLANG_ENABLE_MODULES = YES;
				CLANG_ENABLE_OBJC_ARC = YES;
				CLANG_WARN_BOOL_CONVERSION = YES;
				CLANG_WARN_CONSTANT_CONVERSION = YES;
				CLANG_WARN_DIRECT_OBJC_ISA_USAGE = YES_ERROR;
				CLANG_WARN_EMPTY_BODY = YES;
				CLANG_WARN_ENUM_CONVERSION = YES;
				CLANG_WARN_INT_CONVERSION = YES;
				CLANG_WARN_OBJC_ROOT_CLASS = YES_ERROR;
				CLANG_WARN_UNREACHABLE_CODE = YES;
				CLANG_WARN__DUPLICATE_METHOD_MATCH = YES;
				"CODE_SIGN_IDENTITY[sdk=iphoneos*]" = "iPhone Developer";
				COPY_PHASE_STRIP = YES;
				ENABLE_NS_ASSERTIONS = NO;
				ENABLE_STRICT_OBJC_MSGSEND = YES;
				GCC_C_LANGUAGE_STANDARD = gnu99;
				GCC_WARN_64_TO_32_BIT_CONVERSION = YES;
				GCC_WARN_ABOUT_RETURN_TYPE = YES_ERROR;
				GCC_WARN_UNDECLARED_SELECTOR = YES;
				GCC_WARN_UNINITIALIZED_AUTOS = YES_AGGRESSIVE;
				GCC_WARN_UNUSED_FUNCTION = YES;
				GCC_WARN_UNUSED_VARIABLE = YES;
				IPHONEOS_DEPLOYMENT_TARGET = 8.1;
				MTL_ENABLE_DEBUG_INFO = NO;
				SDKROOT = iphoneos;
				TARGETED_DEVICE_FAMILY = "1,2";
				VALIDATE_PRODUCT = YES;
			};
			name = Release;
		};
		B5DCAD651A5FADFE0078C3C8 /* Debug */ = {
			isa = XCBuildConfiguration;
			buildSettings = {
				ASSETCATALOG_COMPILER_APPICON_NAME = AppIcon;
				INFOPLIST_FILE = TAOverlay/Info.plist;
				LD_RUNPATH_SEARCH_PATHS = "$(inherited) @executable_path/Frameworks";
				PRODUCT_NAME = "$(TARGET_NAME)";
			};
			name = Debug;
		};
		B5DCAD661A5FADFE0078C3C8 /* Release */ = {
			isa = XCBuildConfiguration;
			buildSettings = {
				ASSETCATALOG_COMPILER_APPICON_NAME = AppIcon;
				INFOPLIST_FILE = TAOverlay/Info.plist;
				LD_RUNPATH_SEARCH_PATHS = "$(inherited) @executable_path/Frameworks";
				PRODUCT_NAME = "$(TARGET_NAME)";
			};
			name = Release;
		};
		B5DCAD681A5FADFE0078C3C8 /* Debug */ = {
			isa = XCBuildConfiguration;
			buildSettings = {
				BUNDLE_LOADER = "$(TEST_HOST)";
				FRAMEWORK_SEARCH_PATHS = (
					"$(SDKROOT)/Developer/Library/Frameworks",
					"$(inherited)",
				);
				GCC_PREPROCESSOR_DEFINITIONS = (
					"DEBUG=1",
					"$(inherited)",
				);
				INFOPLIST_FILE = TAOverlayTests/Info.plist;
				LD_RUNPATH_SEARCH_PATHS = "$(inherited) @executable_path/Frameworks @loader_path/Frameworks";
				PRODUCT_NAME = "$(TARGET_NAME)";
				TEST_HOST = "$(BUILT_PRODUCTS_DIR)/TAOverlay.app/TAOverlay";
			};
			name = Debug;
		};
		B5DCAD691A5FADFE0078C3C8 /* Release */ = {
			isa = XCBuildConfiguration;
			buildSettings = {
				BUNDLE_LOADER = "$(TEST_HOST)";
				FRAMEWORK_SEARCH_PATHS = (
					"$(SDKROOT)/Developer/Library/Frameworks",
					"$(inherited)",
				);
				INFOPLIST_FILE = TAOverlayTests/Info.plist;
				LD_RUNPATH_SEARCH_PATHS = "$(inherited) @executable_path/Frameworks @loader_path/Frameworks";
				PRODUCT_NAME = "$(TARGET_NAME)";
				TEST_HOST = "$(BUILT_PRODUCTS_DIR)/TAOverlay.app/TAOverlay";
			};
			name = Release;
		};
/* End XCBuildConfiguration section */

/* Begin XCConfigurationList section */
		B5DCAD3C1A5FADFE0078C3C8 /* Build configuration list for PBXProject "TAOverlay" */ = {
			isa = XCConfigurationList;
			buildConfigurations = (
				B5DCAD621A5FADFE0078C3C8 /* Debug */,
				B5DCAD631A5FADFE0078C3C8 /* Release */,
			);
			defaultConfigurationIsVisible = 0;
			defaultConfigurationName = Release;
		};
		B5DCAD641A5FADFE0078C3C8 /* Build configuration list for PBXNativeTarget "TAOverlay" */ = {
			isa = XCConfigurationList;
			buildConfigurations = (
				B5DCAD651A5FADFE0078C3C8 /* Debug */,
				B5DCAD661A5FADFE0078C3C8 /* Release */,
			);
			defaultConfigurationIsVisible = 0;
		};
		B5DCAD671A5FADFE0078C3C8 /* Build configuration list for PBXNativeTarget "TAOverlayTests" */ = {
			isa = XCConfigurationList;
			buildConfigurations = (
				B5DCAD681A5FADFE0078C3C8 /* Debug */,
				B5DCAD691A5FADFE0078C3C8 /* Release */,
			);
			defaultConfigurationIsVisible = 0;
		};
/* End XCConfigurationList section */
	};
	rootObject = B5DCAD391A5FADFE0078C3C8 /* Project object */;
}
